# This file is automatically @generated by Cargo.
# It is not intended for manual editing.
version = 4

[[package]]
name = "abnf"
version = "0.13.0"
source = "registry+https://github.com/rust-lang/crates.io-index"
checksum = "087113bd50d9adce24850eed5d0476c7d199d532fce8fab5173650331e09033a"
dependencies = [
 "abnf-core",
 "nom",
]

[[package]]
name = "abnf-core"
version = "0.5.0"
source = "registry+https://github.com/rust-lang/crates.io-index"
checksum = "c44e09c43ae1c368fb91a03a566472d0087c26cf7e1b9e8e289c14ede681dd7d"
dependencies = [
 "nom",
]

[[package]]
name = "abnf_to_mtsx"
version = "0.1.1"
dependencies = [
 "abnf",
]

[[package]]
name = "memchr"
version = "2.6.4"
source = "registry+https://github.com/rust-lang/crates.io-index"
checksum = "f665ee40bc4a3c5590afb1e9677db74a508659dfd71e126420da8274909a0167"

[[package]]
name = "minimal-lexical"
version = "0.2.1"
source = "registry+https://github.com/rust-lang/crates.io-index"
checksum = "68354c5c6bd36d73ff3feceb05efa59b6acb7626617f4962be322a825e61f79a"

[[package]]
name = "nom"
version = "7.1.3"
source = "registry+https://github.com/rust-lang/crates.io-index"
checksum = "d273983c5a657a70a3e8f2a01329822f3b8c8172b73826411a55751e404a0a4a"
dependencies = [
 "memchr",
 "minimal-lexical",
]
